// !$*UTF8*$!
{
	archiveVersion = 1;
	classes = {
	};
	objectVersion = 46;
	objects = {

/* Begin PBXBuildFile section */
		0546D1A38E13BD319CC9755B /* OscReceivedElements.cpp in Sources */ = {isa = PBXBuildFile; fileRef = 9BF3AA0D4FAA89D0F8A0E545 /* OscReceivedElements.cpp */; };
		083FB2094A4DE99F5A60397A /* maxiMFCC.cpp in Sources */ = {isa = PBXBuildFile; fileRef = 440B2B891BD019685EF360B8 /* maxiMFCC.cpp */; };
		0FCED26D40D46CF89A58E54C /* fft.cpp in Sources */ = {isa = PBXBuildFile; fileRef = F3C78E7AB53E01022E9374A3 /* fft.cpp */; };
		1CD33E884D9E3358252E82A1 /* ofxToggle.cpp in Sources */ = {isa = PBXBuildFile; fileRef = 907C5B5E104864A2D3A25745 /* ofxToggle.cpp */; };
		22F21CE3B902225374BA1CA2 /* maximilian.cpp in Sources */ = {isa = PBXBuildFile; fileRef = 87D3A0051CCB2C0F0ECA139E /* maximilian.cpp */; };
		483908258D00B98B4BE69F07 /* ofxLabel.cpp in Sources */ = {isa = PBXBuildFile; fileRef = 78D67A00EB899FAC09430597 /* ofxLabel.cpp */; };
		4ADB88E2FB52E76A471065DE /* ofxOscParameterSync.cpp in Sources */ = {isa = PBXBuildFile; fileRef = 0AED834CE4DEC5260AF302A2 /* ofxOscParameterSync.cpp */; };
		510CAFE035E576A4E1502D52 /* UdpSocket.cpp in Sources */ = {isa = PBXBuildFile; fileRef = E6DEF695B88BA5FAACEAA937 /* UdpSocket.cpp */; };
		5864AD82E20F15536D054EA3 /* ofxOscMessage.cpp in Sources */ = {isa = PBXBuildFile; fileRef = DF49D76C45D5DB505A234880 /* ofxOscMessage.cpp */; };
		5C4A4AA5D4784DF23EA43038 /* maxiAtoms.cpp in Sources */ = {isa = PBXBuildFile; fileRef = 1EFA3ACBB8D16CC0DA1E79C6 /* maxiAtoms.cpp */; };
		5CBB2AB3A60F65431D7B555D /* ofxButton.cpp in Sources */ = {isa = PBXBuildFile; fileRef = C88333E71C9457E441C33474 /* ofxButton.cpp */; };
		62545D179C94265CA1389D4A /* OscOutboundPacketStream.cpp in Sources */ = {isa = PBXBuildFile; fileRef = 63A47AC60FFAFC3BF093EC0F /* OscOutboundPacketStream.cpp */; };
		640279EE111671BD026CB013 /* ofxOscReceiver.cpp in Sources */ = {isa = PBXBuildFile; fileRef = C2FAC65C491D4231379F3298 /* ofxOscReceiver.cpp */; };
		67FE4C7B15C2F0478C8126C2 /* NetworkingUtils.cpp in Sources */ = {isa = PBXBuildFile; fileRef = 3B361208CD4107E479F04E7B /* NetworkingUtils.cpp */; };
		72A929D3561B8232A182ABFC /* ofxOscBundle.cpp in Sources */ = {isa = PBXBuildFile; fileRef = 65EEFA3DA3526E9CDD9C21F9 /* ofxOscBundle.cpp */; };
		837220E80EB56CD44AD27F2A /* ofxSlider.cpp in Sources */ = {isa = PBXBuildFile; fileRef = 15F2C6477A769C03A56D1401 /* ofxSlider.cpp */; };
		856AA354D08AB4B323081444 /* ofxBaseGui.cpp in Sources */ = {isa = PBXBuildFile; fileRef = 9604B925D32EE39065747725 /* ofxBaseGui.cpp */; };
		879A251454401BC0B6E4F238 /* OscTypes.cpp in Sources */ = {isa = PBXBuildFile; fileRef = D9BFFBBF4CC43DEE890B3C3E /* OscTypes.cpp */; };
		8902571B2072EC58009A640E /* ofxTSNE.cpp in Sources */ = {isa = PBXBuildFile; fileRef = 8914DB752061C59900EE2448 /* ofxTSNE.cpp */; };
		8902571C2072EC6F009A640E /* tsne.cpp in Sources */ = {isa = PBXBuildFile; fileRef = 8914DB712061C59900EE2448 /* tsne.cpp */; };
		8902571D2072EC72009A640E /* sptree.cpp in Sources */ = {isa = PBXBuildFile; fileRef = 8914DB732061C59900EE2448 /* sptree.cpp */; };
		8902577520736378009A640E /* CQKernel.cpp in Sources */ = {isa = PBXBuildFile; fileRef = 8902573420736378009A640E /* CQKernel.cpp */; };
		8902577620736378009A640E /* Pitch.cpp in Sources */ = {isa = PBXBuildFile; fileRef = 8902573520736378009A640E /* Pitch.cpp */; };
		8902577720736378009A640E /* ConstantQ.cpp in Sources */ = {isa = PBXBuildFile; fileRef = 8902573720736378009A640E /* ConstantQ.cpp */; };
		8902577820736378009A640E /* CQSpectrogram.cpp in Sources */ = {isa = PBXBuildFile; fileRef = 8902573820736378009A640E /* CQSpectrogram.cpp */; };
		8902577920736378009A640E /* kiss_fft.c in Sources */ = {isa = PBXBuildFile; fileRef = 8902573B20736378009A640E /* kiss_fft.c */; };
		8902578D20736378009A640E /* CQInverse.cpp in Sources */ = {isa = PBXBuildFile; fileRef = 8902576520736378009A640E /* CQInverse.cpp */; };
		8902578E20736378009A640E /* FFT.cpp in Sources */ = {isa = PBXBuildFile; fileRef = 8902576920736378009A640E /* FFT.cpp */; };
		8902578F20736378009A640E /* SincWindow.cpp in Sources */ = {isa = PBXBuildFile; fileRef = 8902576D20736378009A640E /* SincWindow.cpp */; };
		8902579020736378009A640E /* MathUtilities.cpp in Sources */ = {isa = PBXBuildFile; fileRef = 8902576E20736378009A640E /* MathUtilities.cpp */; };
		8902579120736378009A640E /* KaiserWindow.cpp in Sources */ = {isa = PBXBuildFile; fileRef = 8902577020736378009A640E /* KaiserWindow.cpp */; };
		8902579220736378009A640E /* Resampler.cpp in Sources */ = {isa = PBXBuildFile; fileRef = 8902577220736378009A640E /* Resampler.cpp */; };
		8902579320736378009A640E /* Chromagram.cpp in Sources */ = {isa = PBXBuildFile; fileRef = 8902577420736378009A640E /* Chromagram.cpp */; };
		890257A5207365E2009A640E /* Makefile in Sources */ = {isa = PBXBuildFile; fileRef = 8902579B207365E2009A640E /* Makefile */; };
		890257A6207365E2009A640E /* kiss_fftr.c in Sources */ = {isa = PBXBuildFile; fileRef = 8902579C207365E2009A640E /* kiss_fftr.c */; };
		890257A7207365E2009A640E /* kiss_fftndr.c in Sources */ = {isa = PBXBuildFile; fileRef = 8902579D207365E2009A640E /* kiss_fftndr.c */; };
		890257A8207365E2009A640E /* kfc.c in Sources */ = {isa = PBXBuildFile; fileRef = 8902579E207365E2009A640E /* kfc.c */; };
		890257A9207365E2009A640E /* kiss_fftnd.c in Sources */ = {isa = PBXBuildFile; fileRef = 8902579F207365E2009A640E /* kiss_fftnd.c */; };
		890257AB207365E2009A640E /* kiss_fastfir.c in Sources */ = {isa = PBXBuildFile; fileRef = 890257A2207365E2009A640E /* kiss_fastfir.c */; };
		8F5205AEF8861EF234F0651A /* ofxOscSender.cpp in Sources */ = {isa = PBXBuildFile; fileRef = 81967292BFC87A0144BD32C6 /* ofxOscSender.cpp */; };
		9514C2D90467055B1447D074 /* stb_vorbis.c in Sources */ = {isa = PBXBuildFile; fileRef = 80CD68E0DDF2C60D2715CC78 /* stb_vorbis.c */; };
		96084990AF216648B8B98E00 /* maxiFFT.cpp in Sources */ = {isa = PBXBuildFile; fileRef = 6A4EE0E35ED739A31CD0153E /* maxiFFT.cpp */; };
		ABA8875AF0C06690CC0B92B1 /* maxiBark.cpp in Sources */ = {isa = PBXBuildFile; fileRef = 9B9936002B519C1290F25FEC /* maxiBark.cpp */; };
		ADE367465D2A8EBAD4C7A8D9 /* IpEndpointName.cpp in Sources */ = {isa = PBXBuildFile; fileRef = ADD194746185E2DA11468377 /* IpEndpointName.cpp */; };
		AF0580829426DC6BCA135A5C /* maxiGrains.cpp in Sources */ = {isa = PBXBuildFile; fileRef = 9D2FB19B70632A6F86622D94 /* maxiGrains.cpp */; };
		B266578FC55D23BFEBC042E7 /* ofxGuiGroup.cpp in Sources */ = {isa = PBXBuildFile; fileRef = ECF8674C7975F1063C5E30CA /* ofxGuiGroup.cpp */; };
		B56FE57CC35806596D38118C /* ofxSliderGroup.cpp in Sources */ = {isa = PBXBuildFile; fileRef = 802251BAF1B35B1D67B32FD0 /* ofxSliderGroup.cpp */; };
		C4782ECC372420ACE0615B74 /* OscPrintReceivedElements.cpp in Sources */ = {isa = PBXBuildFile; fileRef = BC8881B3C8C0A1C45F042E7A /* OscPrintReceivedElements.cpp */; };
		D06D0B40E2596F7C2A58F39F /* ofxLearn.cpp in Sources */ = {isa = PBXBuildFile; fileRef = 44C084EAD8CAB2888C304DC4 /* ofxLearn.cpp */; };
		E4328149138ABC9F0047C5CB /* openFrameworksDebug.a in Frameworks */ = {isa = PBXBuildFile; fileRef = E4328148138ABC890047C5CB /* openFrameworksDebug.a */; };
		E4B69E200A3A1BDC003C02F2 /* main.cpp in Sources */ = {isa = PBXBuildFile; fileRef = E4B69E1D0A3A1BDC003C02F2 /* main.cpp */; };
		E4B69E210A3A1BDC003C02F2 /* ofApp.cpp in Sources */ = {isa = PBXBuildFile; fileRef = E4B69E1E0A3A1BDC003C02F2 /* ofApp.cpp */; };
		F285EB3169F1566CA3D93C20 /* ofxPanel.cpp in Sources */ = {isa = PBXBuildFile; fileRef = E112B3AEBEA2C091BF2B40AE /* ofxPanel.cpp */; };
/* End PBXBuildFile section */

/* Begin PBXContainerItemProxy section */
		E4328147138ABC890047C5CB /* PBXContainerItemProxy */ = {
			isa = PBXContainerItemProxy;
			containerPortal = E4328143138ABC890047C5CB /* openFrameworksLib.xcodeproj */;
			proxyType = 2;
			remoteGlobalIDString = E4B27C1510CBEB8E00536013;
			remoteInfo = openFrameworks;
		};
		E4EEB9AB138B136A00A80321 /* PBXContainerItemProxy */ = {
			isa = PBXContainerItemProxy;
			containerPortal = E4328143138ABC890047C5CB /* openFrameworksLib.xcodeproj */;
			proxyType = 1;
			remoteGlobalIDString = E4B27C1410CBEB8E00536013;
			remoteInfo = openFrameworks;
		};
/* End PBXContainerItemProxy section */

/* Begin PBXCopyFilesBuildPhase section */
		E4C2427710CC5ABF004149E2 /* CopyFiles */ = {
			isa = PBXCopyFilesBuildPhase;
			buildActionMask = 2147483647;
			dstPath = "";
			dstSubfolderSpec = 10;
			files = (
			);
			runOnlyForDeploymentPostprocessing = 0;
		};
/* End PBXCopyFilesBuildPhase section */

/* Begin PBXFileReference section */
		00D6D32B84B099226431108C /* ofxOsc.h */ = {isa = PBXFileReference; explicitFileType = sourcecode.c.h; fileEncoding = 30; name = ofxOsc.h; path = ../../../addons/ofxOsc/src/ofxOsc.h; sourceTree = SOURCE_ROOT; };
		029684CF678F70F6D3537A29 /* OscOutboundPacketStream.h */ = {isa = PBXFileReference; explicitFileType = sourcecode.c.h; fileEncoding = 30; name = OscOutboundPacketStream.h; path = ../../../addons/ofxOsc/libs/oscpack/src/osc/OscOutboundPacketStream.h; sourceTree = SOURCE_ROOT; };
		0A1DAC09F322AE313A40706D /* ofxToggle.h */ = {isa = PBXFileReference; explicitFileType = sourcecode.c.h; fileEncoding = 30; name = ofxToggle.h; path = ../../../addons/ofxGui/src/ofxToggle.h; sourceTree = SOURCE_ROOT; };
		0AED834CE4DEC5260AF302A2 /* ofxOscParameterSync.cpp */ = {isa = PBXFileReference; explicitFileType = sourcecode.cpp.cpp; fileEncoding = 30; name = ofxOscParameterSync.cpp; path = ../../../addons/ofxOsc/src/ofxOscParameterSync.cpp; sourceTree = SOURCE_ROOT; };
		15F2C6477A769C03A56D1401 /* ofxSlider.cpp */ = {isa = PBXFileReference; explicitFileType = sourcecode.cpp.cpp; fileEncoding = 30; name = ofxSlider.cpp; path = ../../../addons/ofxGui/src/ofxSlider.cpp; sourceTree = SOURCE_ROOT; };
		17E65988300FBD9AAA2CD0CA /* ofxGui.h */ = {isa = PBXFileReference; explicitFileType = sourcecode.c.h; fileEncoding = 30; name = ofxGui.h; path = ../../../addons/ofxGui/src/ofxGui.h; sourceTree = SOURCE_ROOT; };
		1C0DA2561397A7DE0246858B /* ofxGuiGroup.h */ = {isa = PBXFileReference; explicitFileType = sourcecode.c.h; fileEncoding = 30; name = ofxGuiGroup.h; path = ../../../addons/ofxGui/src/ofxGuiGroup.h; sourceTree = SOURCE_ROOT; };
		1EFA3ACBB8D16CC0DA1E79C6 /* maxiAtoms.cpp */ = {isa = PBXFileReference; explicitFileType = sourcecode.cpp.cpp; fileEncoding = 30; name = maxiAtoms.cpp; path = ../../../addons/ofxMaxim/libs/maxiAtoms.cpp; sourceTree = SOURCE_ROOT; };
		20F35AFADAF0068B067E713F /* OscReceivedElements.h */ = {isa = PBXFileReference; explicitFileType = sourcecode.c.h; fileEncoding = 30; name = OscReceivedElements.h; path = ../../../addons/ofxOsc/libs/oscpack/src/osc/OscReceivedElements.h; sourceTree = SOURCE_ROOT; };
		23640F57DF6C4BB6BFC5DA4C /* PacketListener.h */ = {isa = PBXFileReference; explicitFileType = sourcecode.c.h; fileEncoding = 30; name = PacketListener.h; path = ../../../addons/ofxOsc/libs/oscpack/src/ip/PacketListener.h; sourceTree = SOURCE_ROOT; };
		2834D88A62CD23F3DE2C47D1 /* ofxButton.h */ = {isa = PBXFileReference; explicitFileType = sourcecode.c.h; fileEncoding = 30; name = ofxButton.h; path = ../../../addons/ofxGui/src/ofxButton.h; sourceTree = SOURCE_ROOT; };
		2FD4B0329909D3527F003494 /* UdpSocket.h */ = {isa = PBXFileReference; explicitFileType = sourcecode.c.h; fileEncoding = 30; name = UdpSocket.h; path = ../../../addons/ofxOsc/libs/oscpack/src/ip/UdpSocket.h; sourceTree = SOURCE_ROOT; };
		3B361208CD4107E479F04E7B /* NetworkingUtils.cpp */ = {isa = PBXFileReference; explicitFileType = sourcecode.cpp.cpp; fileEncoding = 30; name = NetworkingUtils.cpp; path = ../../../addons/ofxOsc/libs/oscpack/src/ip/posix/NetworkingUtils.cpp; sourceTree = SOURCE_ROOT; };
		440B2B891BD019685EF360B8 /* maxiMFCC.cpp */ = {isa = PBXFileReference; explicitFileType = sourcecode.cpp.cpp; fileEncoding = 30; name = maxiMFCC.cpp; path = ../../../addons/ofxMaxim/libs/maxiMFCC.cpp; sourceTree = SOURCE_ROOT; };
		444657A12E59D0ED86981498 /* TimerListener.h */ = {isa = PBXFileReference; explicitFileType = sourcecode.c.h; fileEncoding = 30; name = TimerListener.h; path = ../../../addons/ofxOsc/libs/oscpack/src/ip/TimerListener.h; sourceTree = SOURCE_ROOT; };
		44C084EAD8CAB2888C304DC4 /* ofxLearn.cpp */ = {isa = PBXFileReference; explicitFileType = sourcecode.cpp.cpp; fileEncoding = 30; name = ofxLearn.cpp; path = ../../../addons/ofxLearn/src/ofxLearn.cpp; sourceTree = SOURCE_ROOT; };
		48974F980F51769171D0B2F5 /* IpEndpointName.h */ = {isa = PBXFileReference; explicitFileType = sourcecode.c.h; fileEncoding = 30; name = IpEndpointName.h; path = ../../../addons/ofxOsc/libs/oscpack/src/ip/IpEndpointName.h; sourceTree = SOURCE_ROOT; };
		4CFB659E40D3D3DC5A3E9478 /* maxiGrains.h */ = {isa = PBXFileReference; explicitFileType = sourcecode.c.h; fileEncoding = 30; name = maxiGrains.h; path = ../../../addons/ofxMaxim/libs/maxiGrains.h; sourceTree = SOURCE_ROOT; };
		4E95FB446A9C9C6F0DE12D75 /* OscPrintReceivedElements.h */ = {isa = PBXFileReference; explicitFileType = sourcecode.c.h; fileEncoding = 30; name = OscPrintReceivedElements.h; path = ../../../addons/ofxOsc/libs/oscpack/src/osc/OscPrintReceivedElements.h; sourceTree = SOURCE_ROOT; };
		52AFA1F08C420992CAAAE648 /* ofxSlider.h */ = {isa = PBXFileReference; explicitFileType = sourcecode.c.h; fileEncoding = 30; name = ofxSlider.h; path = ../../../addons/ofxGui/src/ofxSlider.h; sourceTree = SOURCE_ROOT; };
		63A47AC60FFAFC3BF093EC0F /* OscOutboundPacketStream.cpp */ = {isa = PBXFileReference; explicitFileType = sourcecode.cpp.cpp; fileEncoding = 30; name = OscOutboundPacketStream.cpp; path = ../../../addons/ofxOsc/libs/oscpack/src/osc/OscOutboundPacketStream.cpp; sourceTree = SOURCE_ROOT; };
		65EEFA3DA3526E9CDD9C21F9 /* ofxOscBundle.cpp */ = {isa = PBXFileReference; explicitFileType = sourcecode.cpp.cpp; fileEncoding = 30; name = ofxOscBundle.cpp; path = ../../../addons/ofxOsc/src/ofxOscBundle.cpp; sourceTree = SOURCE_ROOT; };
		6A4EE0E35ED739A31CD0153E /* maxiFFT.cpp */ = {isa = PBXFileReference; explicitFileType = sourcecode.cpp.cpp; fileEncoding = 30; name = maxiFFT.cpp; path = ../../../addons/ofxMaxim/libs/maxiFFT.cpp; sourceTree = SOURCE_ROOT; };
		6B65E6930994CC4B2D2B8B33 /* OscPacketListener.h */ = {isa = PBXFileReference; explicitFileType = sourcecode.c.h; fileEncoding = 30; name = OscPacketListener.h; path = ../../../addons/ofxOsc/libs/oscpack/src/osc/OscPacketListener.h; sourceTree = SOURCE_ROOT; };
		7689F8A0F3D0B7635A8C3104 /* ofxOscArg.h */ = {isa = PBXFileReference; explicitFileType = sourcecode.c.h; fileEncoding = 30; name = ofxOscArg.h; path = ../../../addons/ofxOsc/src/ofxOscArg.h; sourceTree = SOURCE_ROOT; };
		78D67A00EB899FAC09430597 /* ofxLabel.cpp */ = {isa = PBXFileReference; explicitFileType = sourcecode.cpp.cpp; fileEncoding = 30; name = ofxLabel.cpp; path = ../../../addons/ofxGui/src/ofxLabel.cpp; sourceTree = SOURCE_ROOT; };
		7D2CBAA6529BCE46CA661E02 /* maxiAtoms.h */ = {isa = PBXFileReference; explicitFileType = sourcecode.c.h; fileEncoding = 30; name = maxiAtoms.h; path = ../../../addons/ofxMaxim/libs/maxiAtoms.h; sourceTree = SOURCE_ROOT; };
		802251BAF1B35B1D67B32FD0 /* ofxSliderGroup.cpp */ = {isa = PBXFileReference; explicitFileType = sourcecode.cpp.cpp; fileEncoding = 30; name = ofxSliderGroup.cpp; path = ../../../addons/ofxGui/src/ofxSliderGroup.cpp; sourceTree = SOURCE_ROOT; };
		80CD68E0DDF2C60D2715CC78 /* stb_vorbis.c */ = {isa = PBXFileReference; explicitFileType = sourcecode.c.c; fileEncoding = 30; name = stb_vorbis.c; path = ../../../addons/ofxMaxim/libs/stb_vorbis.c; sourceTree = SOURCE_ROOT; };
		81967292BFC87A0144BD32C6 /* ofxOscSender.cpp */ = {isa = PBXFileReference; explicitFileType = sourcecode.cpp.cpp; fileEncoding = 30; name = ofxOscSender.cpp; path = ../../../addons/ofxOsc/src/ofxOscSender.cpp; sourceTree = SOURCE_ROOT; };
		83D00E9B4CBB3ED9DA15D13F /* ofxLearn.h */ = {isa = PBXFileReference; explicitFileType = sourcecode.c.h; fileEncoding = 30; name = ofxLearn.h; path = ../../../addons/ofxLearn/src/ofxLearn.h; sourceTree = SOURCE_ROOT; };
		87D3A0051CCB2C0F0ECA139E /* maximilian.cpp */ = {isa = PBXFileReference; explicitFileType = sourcecode.cpp.cpp; fileEncoding = 30; name = maximilian.cpp; path = ../../../addons/ofxMaxim/libs/maximilian.cpp; sourceTree = SOURCE_ROOT; };
		87F26B4B24CBD428AD9EEBAA /* ofxBaseGui.h */ = {isa = PBXFileReference; explicitFileType = sourcecode.c.h; fileEncoding = 30; name = ofxBaseGui.h; path = ../../../addons/ofxGui/src/ofxBaseGui.h; sourceTree = SOURCE_ROOT; };
		89025721207316E2009A640E /* CircularBuffer.h */ = {isa = PBXFileReference; lastKnownFileType = sourcecode.c.h; path = CircularBuffer.h; sourceTree = "<group>"; };
		890257222073170C009A640E /* OnsetDetector.h */ = {isa = PBXFileReference; lastKnownFileType = sourcecode.c.h; path = OnsetDetector.h; sourceTree = "<group>"; };
		8902572320731737009A640E /* Recording.h */ = {isa = PBXFileReference; lastKnownFileType = sourcecode.c.h; path = Recording.h; sourceTree = "<group>"; };
		8902572420731755009A640E /* Corpus.h */ = {isa = PBXFileReference; lastKnownFileType = sourcecode.c.h; path = Corpus.h; sourceTree = "<group>"; };
		890257252073181F009A640E /* VisualCorpus.h */ = {isa = PBXFileReference; lastKnownFileType = sourcecode.c.h; path = VisualCorpus.h; sourceTree = "<group>"; };
		890257262073184C009A640E /* AudioVisualCorpus.h */ = {isa = PBXFileReference; lastKnownFileType = sourcecode.c.h; path = AudioVisualCorpus.h; sourceTree = "<group>"; };
		8902572C20736378009A640E /* ConstantQ.h */ = {isa = PBXFileReference; fileEncoding = 4; lastKnownFileType = sourcecode.c.h; path = ConstantQ.h; sourceTree = "<group>"; };
		8902572D20736378009A640E /* Chromagram.h */ = {isa = PBXFileReference; fileEncoding = 4; lastKnownFileType = sourcecode.c.h; path = Chromagram.h; sourceTree = "<group>"; };
		8902572E20736378009A640E /* CQBase.h */ = {isa = PBXFileReference; fileEncoding = 4; lastKnownFileType = sourcecode.c.h; path = CQBase.h; sourceTree = "<group>"; };
		8902572F20736378009A640E /* CQInverse.h */ = {isa = PBXFileReference; fileEncoding = 4; lastKnownFileType = sourcecode.c.h; path = CQInverse.h; sourceTree = "<group>"; };
		8902573020736378009A640E /* CQSpectrogram.h */ = {isa = PBXFileReference; fileEncoding = 4; lastKnownFileType = sourcecode.c.h; path = CQSpectrogram.h; sourceTree = "<group>"; };
		8902573120736378009A640E /* CQKernel.h */ = {isa = PBXFileReference; fileEncoding = 4; lastKnownFileType = sourcecode.c.h; path = CQKernel.h; sourceTree = "<group>"; };
		8902573220736378009A640E /* CQParameters.h */ = {isa = PBXFileReference; fileEncoding = 4; lastKnownFileType = sourcecode.c.h; path = CQParameters.h; sourceTree = "<group>"; };
		8902573420736378009A640E /* CQKernel.cpp */ = {isa = PBXFileReference; fileEncoding = 4; lastKnownFileType = sourcecode.cpp.cpp; path = CQKernel.cpp; sourceTree = "<group>"; };
		8902573520736378009A640E /* Pitch.cpp */ = {isa = PBXFileReference; fileEncoding = 4; lastKnownFileType = sourcecode.cpp.cpp; path = Pitch.cpp; sourceTree = "<group>"; };
		8902573620736378009A640E /* Pitch.h */ = {isa = PBXFileReference; fileEncoding = 4; lastKnownFileType = sourcecode.c.h; path = Pitch.h; sourceTree = "<group>"; };
		8902573720736378009A640E /* ConstantQ.cpp */ = {isa = PBXFileReference; fileEncoding = 4; lastKnownFileType = sourcecode.cpp.cpp; path = ConstantQ.cpp; sourceTree = "<group>"; };
		8902573820736378009A640E /* CQSpectrogram.cpp */ = {isa = PBXFileReference; fileEncoding = 4; lastKnownFileType = sourcecode.cpp.cpp; path = CQSpectrogram.cpp; sourceTree = "<group>"; };
		8902573B20736378009A640E /* kiss_fft.c */ = {isa = PBXFileReference; fileEncoding = 4; lastKnownFileType = sourcecode.c.c; path = kiss_fft.c; sourceTree = "<group>"; };
		8902575E20736378009A640E /* _kiss_fft_guts.h */ = {isa = PBXFileReference; fileEncoding = 4; lastKnownFileType = sourcecode.c.h; path = _kiss_fft_guts.h; sourceTree = "<group>"; };
		8902575F20736378009A640E /* README */ = {isa = PBXFileReference; fileEncoding = 4; lastKnownFileType = text; path = README; sourceTree = "<group>"; };
		8902576020736378009A640E /* README.simd */ = {isa = PBXFileReference; fileEncoding = 4; lastKnownFileType = text; path = README.simd; sourceTree = "<group>"; };
		8902576120736378009A640E /* kiss_fft.h */ = {isa = PBXFileReference; fileEncoding = 4; lastKnownFileType = sourcecode.c.h; path = kiss_fft.h; sourceTree = "<group>"; };
		8902576220736378009A640E /* COPYING */ = {isa = PBXFileReference; fileEncoding = 4; lastKnownFileType = text; path = COPYING; sourceTree = "<group>"; };
		8902576320736378009A640E /* kissfft.hh */ = {isa = PBXFileReference; fileEncoding = 4; lastKnownFileType = sourcecode.cpp.h; path = kissfft.hh; sourceTree = "<group>"; };
		8902576420736378009A640E /* TIPS */ = {isa = PBXFileReference; fileEncoding = 4; lastKnownFileType = text; path = TIPS; sourceTree = "<group>"; };
		8902576520736378009A640E /* CQInverse.cpp */ = {isa = PBXFileReference; fileEncoding = 4; lastKnownFileType = sourcecode.cpp.cpp; path = CQInverse.cpp; sourceTree = "<group>"; };
		8902576720736378009A640E /* FFT.h */ = {isa = PBXFileReference; fileEncoding = 4; lastKnownFileType = sourcecode.c.h; path = FFT.h; sourceTree = "<group>"; };
		8902576820736378009A640E /* pi.h */ = {isa = PBXFileReference; fileEncoding = 4; lastKnownFileType = sourcecode.c.h; path = pi.h; sourceTree = "<group>"; };
		8902576920736378009A640E /* FFT.cpp */ = {isa = PBXFileReference; fileEncoding = 4; lastKnownFileType = sourcecode.cpp.cpp; path = FFT.cpp; sourceTree = "<group>"; };
		8902576A20736378009A640E /* Window.h */ = {isa = PBXFileReference; fileEncoding = 4; lastKnownFileType = sourcecode.c.h; path = Window.h; sourceTree = "<group>"; };
		8902576B20736378009A640E /* KaiserWindow.h */ = {isa = PBXFileReference; fileEncoding = 4; lastKnownFileType = sourcecode.c.h; path = KaiserWindow.h; sourceTree = "<group>"; };
		8902576C20736378009A640E /* SincWindow.h */ = {isa = PBXFileReference; fileEncoding = 4; lastKnownFileType = sourcecode.c.h; path = SincWindow.h; sourceTree = "<group>"; };
		8902576D20736378009A640E /* SincWindow.cpp */ = {isa = PBXFileReference; fileEncoding = 4; lastKnownFileType = sourcecode.cpp.cpp; path = SincWindow.cpp; sourceTree = "<group>"; };
		8902576E20736378009A640E /* MathUtilities.cpp */ = {isa = PBXFileReference; fileEncoding = 4; lastKnownFileType = sourcecode.cpp.cpp; path = MathUtilities.cpp; sourceTree = "<group>"; };
		8902576F20736378009A640E /* MathUtilities.h */ = {isa = PBXFileReference; fileEncoding = 4; lastKnownFileType = sourcecode.c.h; path = MathUtilities.h; sourceTree = "<group>"; };
		8902577020736378009A640E /* KaiserWindow.cpp */ = {isa = PBXFileReference; fileEncoding = 4; lastKnownFileType = sourcecode.cpp.cpp; path = KaiserWindow.cpp; sourceTree = "<group>"; };
		8902577120736378009A640E /* Resampler.h */ = {isa = PBXFileReference; fileEncoding = 4; lastKnownFileType = sourcecode.c.h; path = Resampler.h; sourceTree = "<group>"; };
		8902577220736378009A640E /* Resampler.cpp */ = {isa = PBXFileReference; fileEncoding = 4; lastKnownFileType = sourcecode.cpp.cpp; path = Resampler.cpp; sourceTree = "<group>"; };
		8902577320736378009A640E /* nan-inf.h */ = {isa = PBXFileReference; fileEncoding = 4; lastKnownFileType = sourcecode.c.h; path = "nan-inf.h"; sourceTree = "<group>"; };
		8902577420736378009A640E /* Chromagram.cpp */ = {isa = PBXFileReference; fileEncoding = 4; lastKnownFileType = sourcecode.cpp.cpp; path = Chromagram.cpp; sourceTree = "<group>"; };
		89025799207365E2009A640E /* kfc.h */ = {isa = PBXFileReference; fileEncoding = 4; lastKnownFileType = sourcecode.c.h; path = kfc.h; sourceTree = "<group>"; };
		8902579A207365E2009A640E /* kiss_fftnd.h */ = {isa = PBXFileReference; fileEncoding = 4; lastKnownFileType = sourcecode.c.h; path = kiss_fftnd.h; sourceTree = "<group>"; };
		8902579B207365E2009A640E /* Makefile */ = {isa = PBXFileReference; fileEncoding = 4; lastKnownFileType = sourcecode.make; path = Makefile; sourceTree = "<group>"; };
		8902579C207365E2009A640E /* kiss_fftr.c */ = {isa = PBXFileReference; fileEncoding = 4; lastKnownFileType = sourcecode.c.c; path = kiss_fftr.c; sourceTree = "<group>"; };
		8902579D207365E2009A640E /* kiss_fftndr.c */ = {isa = PBXFileReference; fileEncoding = 4; lastKnownFileType = sourcecode.c.c; path = kiss_fftndr.c; sourceTree = "<group>"; };
		8902579E207365E2009A640E /* kfc.c */ = {isa = PBXFileReference; fileEncoding = 4; lastKnownFileType = sourcecode.c.c; path = kfc.c; sourceTree = "<group>"; };
		8902579F207365E2009A640E /* kiss_fftnd.c */ = {isa = PBXFileReference; fileEncoding = 4; lastKnownFileType = sourcecode.c.c; path = kiss_fftnd.c; sourceTree = "<group>"; };
		890257A1207365E2009A640E /* kiss_fftr.h */ = {isa = PBXFileReference; fileEncoding = 4; lastKnownFileType = sourcecode.c.h; path = kiss_fftr.h; sourceTree = "<group>"; };
		890257A2207365E2009A640E /* kiss_fastfir.c */ = {isa = PBXFileReference; fileEncoding = 4; lastKnownFileType = sourcecode.c.c; path = kiss_fastfir.c; sourceTree = "<group>"; };
		890257A3207365E2009A640E /* kiss_fftndr.h */ = {isa = PBXFileReference; fileEncoding = 4; lastKnownFileType = sourcecode.c.h; path = kiss_fftndr.h; sourceTree = "<group>"; };
		8914DB1C2061C59900EE2448 /* license.md */ = {isa = PBXFileReference; lastKnownFileType = net.daringfireball.markdown; path = license.md; sourceTree = "<group>"; };
		8914DB342061C59900EE2448 /* lap.h */ = {isa = PBXFileReference; lastKnownFileType = sourcecode.c.h; path = lap.h; sourceTree = "<group>"; };
		8914DB352061C59900EE2448 /* lap.cpp */ = {isa = PBXFileReference; lastKnownFileType = sourcecode.cpp.cpp; path = lap.cpp; sourceTree = "<group>"; };
		8914DB362061C59900EE2448 /* ofxAssignment.cpp */ = {isa = PBXFileReference; lastKnownFileType = sourcecode.cpp.cpp; path = ofxAssignment.cpp; sourceTree = "<group>"; };
		8914DB372061C59900EE2448 /* ofxAssignment.h */ = {isa = PBXFileReference; lastKnownFileType = sourcecode.c.h; path = ofxAssignment.h; sourceTree = "<group>"; };
		8914DB392061C59900EE2448 /* setup_ccv.sh */ = {isa = PBXFileReference; lastKnownFileType = text.script.sh; path = setup_ccv.sh; sourceTree = "<group>"; };
		8914DB702061C59900EE2448 /* tsne.h */ = {isa = PBXFileReference; lastKnownFileType = sourcecode.c.h; path = tsne.h; sourceTree = "<group>"; };
		8914DB712061C59900EE2448 /* tsne.cpp */ = {isa = PBXFileReference; lastKnownFileType = sourcecode.cpp.cpp; path = tsne.cpp; sourceTree = "<group>"; };
		8914DB722061C59900EE2448 /* vptree.h */ = {isa = PBXFileReference; lastKnownFileType = sourcecode.c.h; path = vptree.h; sourceTree = "<group>"; };
		8914DB732061C59900EE2448 /* sptree.cpp */ = {isa = PBXFileReference; lastKnownFileType = sourcecode.cpp.cpp; path = sptree.cpp; sourceTree = "<group>"; };
		8914DB742061C59900EE2448 /* sptree.h */ = {isa = PBXFileReference; lastKnownFileType = sourcecode.c.h; path = sptree.h; sourceTree = "<group>"; };
		8914DB752061C59900EE2448 /* ofxTSNE.cpp */ = {isa = PBXFileReference; lastKnownFileType = sourcecode.cpp.cpp; path = ofxTSNE.cpp; sourceTree = "<group>"; };
		8914DB762061C59900EE2448 /* ofxTSNE.h */ = {isa = PBXFileReference; lastKnownFileType = sourcecode.c.h; path = ofxTSNE.h; sourceTree = "<group>"; };
		89449E3044D456F7DE7BEA14 /* ofxPanel.h */ = {isa = PBXFileReference; explicitFileType = sourcecode.c.h; fileEncoding = 30; name = ofxPanel.h; path = ../../../addons/ofxGui/src/ofxPanel.h; sourceTree = SOURCE_ROOT; };
		8B30E93FD3D3475EED522A0E /* ofxOscBundle.h */ = {isa = PBXFileReference; explicitFileType = sourcecode.c.h; fileEncoding = 30; name = ofxOscBundle.h; path = ../../../addons/ofxOsc/src/ofxOscBundle.h; sourceTree = SOURCE_ROOT; };
		8C75AFC8774A62495DD53464 /* ofxOscReceiver.h */ = {isa = PBXFileReference; explicitFileType = sourcecode.c.h; fileEncoding = 30; name = ofxOscReceiver.h; path = ../../../addons/ofxOsc/src/ofxOscReceiver.h; sourceTree = SOURCE_ROOT; };
		907C5B5E104864A2D3A25745 /* ofxToggle.cpp */ = {isa = PBXFileReference; explicitFileType = sourcecode.cpp.cpp; fileEncoding = 30; name = ofxToggle.cpp; path = ../../../addons/ofxGui/src/ofxToggle.cpp; sourceTree = SOURCE_ROOT; };
		9312F3864ED05FC3E847FF69 /* ofxMaxim.h */ = {isa = PBXFileReference; explicitFileType = sourcecode.c.h; fileEncoding = 30; name = ofxMaxim.h; path = ../../../addons/ofxMaxim/src/ofxMaxim.h; sourceTree = SOURCE_ROOT; };
		95C3AC11BE0AC7EC464D2A36 /* maximilian.h */ = {isa = PBXFileReference; explicitFileType = sourcecode.c.h; fileEncoding = 30; name = maximilian.h; path = ../../../addons/ofxMaxim/libs/maximilian.h; sourceTree = SOURCE_ROOT; };
		9604B925D32EE39065747725 /* ofxBaseGui.cpp */ = {isa = PBXFileReference; explicitFileType = sourcecode.cpp.cpp; fileEncoding = 30; name = ofxBaseGui.cpp; path = ../../../addons/ofxGui/src/ofxBaseGui.cpp; sourceTree = SOURCE_ROOT; };
		9B9936002B519C1290F25FEC /* maxiBark.cpp */ = {isa = PBXFileReference; explicitFileType = sourcecode.cpp.cpp; fileEncoding = 30; name = maxiBark.cpp; path = ../../../addons/ofxMaxim/libs/maxiBark.cpp; sourceTree = SOURCE_ROOT; };
		9BF3AA0D4FAA89D0F8A0E545 /* OscReceivedElements.cpp */ = {isa = PBXFileReference; explicitFileType = sourcecode.cpp.cpp; fileEncoding = 30; name = OscReceivedElements.cpp; path = ../../../addons/ofxOsc/libs/oscpack/src/osc/OscReceivedElements.cpp; sourceTree = SOURCE_ROOT; };
		9D2FB19B70632A6F86622D94 /* maxiGrains.cpp */ = {isa = PBXFileReference; explicitFileType = sourcecode.cpp.cpp; fileEncoding = 30; name = maxiGrains.cpp; path = ../../../addons/ofxMaxim/libs/maxiGrains.cpp; sourceTree = SOURCE_ROOT; };
		9F7986DC4EB05E75FCE2C777 /* ofxOscSender.h */ = {isa = PBXFileReference; explicitFileType = sourcecode.c.h; fileEncoding = 30; name = ofxOscSender.h; path = ../../../addons/ofxOsc/src/ofxOscSender.h; sourceTree = SOURCE_ROOT; };
		A2AAA8CA403479E6FCDF920E /* OscHostEndianness.h */ = {isa = PBXFileReference; explicitFileType = sourcecode.c.h; fileEncoding = 30; name = OscHostEndianness.h; path = ../../../addons/ofxOsc/libs/oscpack/src/osc/OscHostEndianness.h; sourceTree = SOURCE_ROOT; };
		A67372B9CAED43269F8D42D3 /* maxiBark.h */ = {isa = PBXFileReference; explicitFileType = sourcecode.c.h; fileEncoding = 30; name = maxiBark.h; path = ../../../addons/ofxMaxim/libs/maxiBark.h; sourceTree = SOURCE_ROOT; };
		ADD194746185E2DA11468377 /* IpEndpointName.cpp */ = {isa = PBXFileReference; explicitFileType = sourcecode.cpp.cpp; fileEncoding = 30; name = IpEndpointName.cpp; path = ../../../addons/ofxOsc/libs/oscpack/src/ip/IpEndpointName.cpp; sourceTree = SOURCE_ROOT; };
		AE335EB4709BFD4671EEAC84 /* MessageMappingOscPacketListener.h */ = {isa = PBXFileReference; explicitFileType = sourcecode.c.h; fileEncoding = 30; name = MessageMappingOscPacketListener.h; path = ../../../addons/ofxOsc/libs/oscpack/src/osc/MessageMappingOscPacketListener.h; sourceTree = SOURCE_ROOT; };
		B2F326FA07783558EF3CDD2A /* stb_vorbis.h */ = {isa = PBXFileReference; explicitFileType = sourcecode.c.h; fileEncoding = 30; name = stb_vorbis.h; path = ../../../addons/ofxMaxim/libs/stb_vorbis.h; sourceTree = SOURCE_ROOT; };
		B31C608870ECEB2490A93736 /* ofxOscParameterSync.h */ = {isa = PBXFileReference; explicitFileType = sourcecode.c.h; fileEncoding = 30; name = ofxOscParameterSync.h; path = ../../../addons/ofxOsc/src/ofxOscParameterSync.h; sourceTree = SOURCE_ROOT; };
		B34D3539DB6F889A78540F7C /* sineTable.h */ = {isa = PBXFileReference; explicitFileType = sourcecode.c.h; fileEncoding = 30; name = sineTable.h; path = ../../../addons/ofxMaxim/libs/sineTable.h; sourceTree = SOURCE_ROOT; };
		B87C60311EC1FE841C1ECD89 /* ofxLabel.h */ = {isa = PBXFileReference; explicitFileType = sourcecode.c.h; fileEncoding = 30; name = ofxLabel.h; path = ../../../addons/ofxGui/src/ofxLabel.h; sourceTree = SOURCE_ROOT; };
		BA5114869056DFF1A50CFA4A /* fft.h */ = {isa = PBXFileReference; explicitFileType = sourcecode.c.h; fileEncoding = 30; name = fft.h; path = ../../../addons/ofxMaxim/libs/fft.h; sourceTree = SOURCE_ROOT; };
		BC8881B3C8C0A1C45F042E7A /* OscPrintReceivedElements.cpp */ = {isa = PBXFileReference; explicitFileType = sourcecode.cpp.cpp; fileEncoding = 30; name = OscPrintReceivedElements.cpp; path = ../../../addons/ofxOsc/libs/oscpack/src/osc/OscPrintReceivedElements.cpp; sourceTree = SOURCE_ROOT; };
		C2FAC65C491D4231379F3298 /* ofxOscReceiver.cpp */ = {isa = PBXFileReference; explicitFileType = sourcecode.cpp.cpp; fileEncoding = 30; name = ofxOscReceiver.cpp; path = ../../../addons/ofxOsc/src/ofxOscReceiver.cpp; sourceTree = SOURCE_ROOT; };
		C58862C6D212C8E8A83810F4 /* ofxOscMessage.h */ = {isa = PBXFileReference; explicitFileType = sourcecode.c.h; fileEncoding = 30; name = ofxOscMessage.h; path = ../../../addons/ofxOsc/src/ofxOscMessage.h; sourceTree = SOURCE_ROOT; };
		C6937888E126BADC8777423B /* OscTypes.h */ = {isa = PBXFileReference; explicitFileType = sourcecode.c.h; fileEncoding = 30; name = OscTypes.h; path = ../../../addons/ofxOsc/libs/oscpack/src/osc/OscTypes.h; sourceTree = SOURCE_ROOT; };
		C70D8946940288799E82131E /* ofxSliderGroup.h */ = {isa = PBXFileReference; explicitFileType = sourcecode.c.h; fileEncoding = 30; name = ofxSliderGroup.h; path = ../../../addons/ofxGui/src/ofxSliderGroup.h; sourceTree = SOURCE_ROOT; };
		C88333E71C9457E441C33474 /* ofxButton.cpp */ = {isa = PBXFileReference; explicitFileType = sourcecode.cpp.cpp; fileEncoding = 30; name = ofxButton.cpp; path = ../../../addons/ofxGui/src/ofxButton.cpp; sourceTree = SOURCE_ROOT; };
		D1C864AE2FE539BE7FD1F628 /* maxiMFCC.h */ = {isa = PBXFileReference; explicitFileType = sourcecode.c.h; fileEncoding = 30; name = maxiMFCC.h; path = ../../../addons/ofxMaxim/libs/maxiMFCC.h; sourceTree = SOURCE_ROOT; };
		D9BFFBBF4CC43DEE890B3C3E /* OscTypes.cpp */ = {isa = PBXFileReference; explicitFileType = sourcecode.cpp.cpp; fileEncoding = 30; name = OscTypes.cpp; path = ../../../addons/ofxOsc/libs/oscpack/src/osc/OscTypes.cpp; sourceTree = SOURCE_ROOT; };
		DF49D76C45D5DB505A234880 /* ofxOscMessage.cpp */ = {isa = PBXFileReference; explicitFileType = sourcecode.cpp.cpp; fileEncoding = 30; name = ofxOscMessage.cpp; path = ../../../addons/ofxOsc/src/ofxOscMessage.cpp; sourceTree = SOURCE_ROOT; };
		E112B3AEBEA2C091BF2B40AE /* ofxPanel.cpp */ = {isa = PBXFileReference; explicitFileType = sourcecode.cpp.cpp; fileEncoding = 30; name = ofxPanel.cpp; path = ../../../addons/ofxGui/src/ofxPanel.cpp; sourceTree = SOURCE_ROOT; };
		E4328143138ABC890047C5CB /* openFrameworksLib.xcodeproj */ = {isa = PBXFileReference; lastKnownFileType = "wrapper.pb-project"; name = openFrameworksLib.xcodeproj; path = ../../../libs/openFrameworksCompiled/project/osx/openFrameworksLib.xcodeproj; sourceTree = SOURCE_ROOT; };
		E4B69B5B0A3A1756003C02F2 /* final-projectDebug.app */ = {isa = PBXFileReference; explicitFileType = wrapper.application; includeInIndex = 0; path = "final-projectDebug.app"; sourceTree = BUILT_PRODUCTS_DIR; };
		E4B69E1D0A3A1BDC003C02F2 /* main.cpp */ = {isa = PBXFileReference; fileEncoding = 30; lastKnownFileType = sourcecode.cpp.cpp; name = main.cpp; path = src/main.cpp; sourceTree = SOURCE_ROOT; };
		E4B69E1E0A3A1BDC003C02F2 /* ofApp.cpp */ = {isa = PBXFileReference; explicitFileType = sourcecode.cpp.cpp; fileEncoding = 30; name = ofApp.cpp; path = src/ofApp.cpp; sourceTree = SOURCE_ROOT; };
		E4B69E1F0A3A1BDC003C02F2 /* ofApp.h */ = {isa = PBXFileReference; fileEncoding = 30; lastKnownFileType = sourcecode.c.h; name = ofApp.h; path = src/ofApp.h; sourceTree = SOURCE_ROOT; };
		E4B6FCAD0C3E899E008CF71C /* openFrameworks-Info.plist */ = {isa = PBXFileReference; fileEncoding = 30; lastKnownFileType = text.plist.xml; path = "openFrameworks-Info.plist"; sourceTree = "<group>"; };
		E4EB691F138AFCF100A09F29 /* CoreOF.xcconfig */ = {isa = PBXFileReference; fileEncoding = 4; lastKnownFileType = text.xcconfig; name = CoreOF.xcconfig; path = ../../../libs/openFrameworksCompiled/project/osx/CoreOF.xcconfig; sourceTree = SOURCE_ROOT; };
		E4EB6923138AFD0F00A09F29 /* Project.xcconfig */ = {isa = PBXFileReference; fileEncoding = 4; lastKnownFileType = text.xcconfig; path = Project.xcconfig; sourceTree = "<group>"; };
		E6DEF695B88BA5FAACEAA937 /* UdpSocket.cpp */ = {isa = PBXFileReference; explicitFileType = sourcecode.cpp.cpp; fileEncoding = 30; name = UdpSocket.cpp; path = ../../../addons/ofxOsc/libs/oscpack/src/ip/posix/UdpSocket.cpp; sourceTree = SOURCE_ROOT; };
		ECF8674C7975F1063C5E30CA /* ofxGuiGroup.cpp */ = {isa = PBXFileReference; explicitFileType = sourcecode.cpp.cpp; fileEncoding = 30; name = ofxGuiGroup.cpp; path = ../../../addons/ofxGui/src/ofxGuiGroup.cpp; sourceTree = SOURCE_ROOT; };
		EFA729F2F65D97F65DB52E44 /* maxiFFT.h */ = {isa = PBXFileReference; explicitFileType = sourcecode.c.h; fileEncoding = 30; name = maxiFFT.h; path = ../../../addons/ofxMaxim/libs/maxiFFT.h; sourceTree = SOURCE_ROOT; };
		F3C78E7AB53E01022E9374A3 /* fft.cpp */ = {isa = PBXFileReference; explicitFileType = sourcecode.cpp.cpp; fileEncoding = 30; name = fft.cpp; path = ../../../addons/ofxMaxim/libs/fft.cpp; sourceTree = SOURCE_ROOT; };
		F4F5B6B8BA2BD52C646ED908 /* OscException.h */ = {isa = PBXFileReference; explicitFileType = sourcecode.c.h; fileEncoding = 30; name = OscException.h; path = ../../../addons/ofxOsc/libs/oscpack/src/osc/OscException.h; sourceTree = SOURCE_ROOT; };
		F7FBC56859535E597B24BB91 /* NetworkingUtils.h */ = {isa = PBXFileReference; explicitFileType = sourcecode.c.h; fileEncoding = 30; name = NetworkingUtils.h; path = ../../../addons/ofxOsc/libs/oscpack/src/ip/NetworkingUtils.h; sourceTree = SOURCE_ROOT; };
/* End PBXFileReference section */

/* Begin PBXFrameworksBuildPhase section */
		E4B69B590A3A1756003C02F2 /* Frameworks */ = {
			isa = PBXFrameworksBuildPhase;
			buildActionMask = 2147483647;
			files = (
				E4328149138ABC9F0047C5CB /* openFrameworksDebug.a in Frameworks */,
			);
			runOnlyForDeploymentPostprocessing = 0;
		};
/* End PBXFrameworksBuildPhase section */

/* Begin PBXGroup section */
		30CB364908817057B430D528 /* osc */ = {
			isa = PBXGroup;
			children = (
				63A47AC60FFAFC3BF093EC0F /* OscOutboundPacketStream.cpp */,
				6B65E6930994CC4B2D2B8B33 /* OscPacketListener.h */,
				D9BFFBBF4CC43DEE890B3C3E /* OscTypes.cpp */,
				4E95FB446A9C9C6F0DE12D75 /* OscPrintReceivedElements.h */,
				AE335EB4709BFD4671EEAC84 /* MessageMappingOscPacketListener.h */,
				A2AAA8CA403479E6FCDF920E /* OscHostEndianness.h */,
				F4F5B6B8BA2BD52C646ED908 /* OscException.h */,
				029684CF678F70F6D3537A29 /* OscOutboundPacketStream.h */,
				9BF3AA0D4FAA89D0F8A0E545 /* OscReceivedElements.cpp */,
				BC8881B3C8C0A1C45F042E7A /* OscPrintReceivedElements.cpp */,
				20F35AFADAF0068B067E713F /* OscReceivedElements.h */,
				C6937888E126BADC8777423B /* OscTypes.h */,
			);
			name = osc;
			sourceTree = "<group>";
		};
		38871A5825686AE018EC2BF0 /* libs */ = {
			isa = PBXGroup;
			children = (
				86D2677079A3AF4A5A88E29A /* oscpack */,
			);
			name = libs;
			sourceTree = "<group>";
		};
		480A780D8D0308AE4A368801 /* ofxGui */ = {
			isa = PBXGroup;
			children = (
				A763ED608B35AE3310251DEE /* src */,
			);
			name = ofxGui;
			sourceTree = "<group>";
		};
		4ACC32F17B7623DA048865D1 /* libs */ = {
			isa = PBXGroup;
			children = (
				4CFB659E40D3D3DC5A3E9478 /* maxiGrains.h */,
				D1C864AE2FE539BE7FD1F628 /* maxiMFCC.h */,
				BA5114869056DFF1A50CFA4A /* fft.h */,
				EFA729F2F65D97F65DB52E44 /* maxiFFT.h */,
				440B2B891BD019685EF360B8 /* maxiMFCC.cpp */,
				7D2CBAA6529BCE46CA661E02 /* maxiAtoms.h */,
				F3C78E7AB53E01022E9374A3 /* fft.cpp */,
				80CD68E0DDF2C60D2715CC78 /* stb_vorbis.c */,
				9B9936002B519C1290F25FEC /* maxiBark.cpp */,
				1EFA3ACBB8D16CC0DA1E79C6 /* maxiAtoms.cpp */,
				6A4EE0E35ED739A31CD0153E /* maxiFFT.cpp */,
				9D2FB19B70632A6F86622D94 /* maxiGrains.cpp */,
				95C3AC11BE0AC7EC464D2A36 /* maximilian.h */,
				B2F326FA07783558EF3CDD2A /* stb_vorbis.h */,
				A67372B9CAED43269F8D42D3 /* maxiBark.h */,
				B34D3539DB6F889A78540F7C /* sineTable.h */,
				87D3A0051CCB2C0F0ECA139E /* maximilian.cpp */,
			);
			name = libs;
			sourceTree = "<group>";
		};
		56D233F3C7EBCCB4AA95731A /* ofxLearn */ = {
			isa = PBXGroup;
			children = (
				B48E854452A4D54138A6E575 /* src */,
			);
			name = ofxLearn;
			sourceTree = "<group>";
		};
		6234D3BCE87D1C3BA2230F19 /* ofxMaxim */ = {
			isa = PBXGroup;
			children = (
				8F6BFB59AB6D0A458C2F3C53 /* src */,
				4ACC32F17B7623DA048865D1 /* libs */,
			);
			name = ofxMaxim;
			sourceTree = "<group>";
		};
		641362CA659FAFEE4E81001B /* posix */ = {
			isa = PBXGroup;
			children = (
				3B361208CD4107E479F04E7B /* NetworkingUtils.cpp */,
				E6DEF695B88BA5FAACEAA937 /* UdpSocket.cpp */,
			);
			name = posix;
			sourceTree = "<group>";
		};
		6948EE371B920CB800B5AC1A /* local_addons */ = {
			isa = PBXGroup;
			children = (
			);
			name = local_addons;
			sourceTree = "<group>";
		};
		86D2677079A3AF4A5A88E29A /* oscpack */ = {
			isa = PBXGroup;
			children = (
				D27B2221A225CA523C019676 /* src */,
			);
			name = oscpack;
			sourceTree = "<group>";
		};
		8902572A20736378009A640E /* CQT */ = {
			isa = PBXGroup;
			children = (
				8902572B20736378009A640E /* cq */,
				8902573320736378009A640E /* src */,
			);
			path = CQT;
			sourceTree = "<group>";
		};
		8902572B20736378009A640E /* cq */ = {
			isa = PBXGroup;
			children = (
				8902572C20736378009A640E /* ConstantQ.h */,
				8902572D20736378009A640E /* Chromagram.h */,
				8902572E20736378009A640E /* CQBase.h */,
				8902572F20736378009A640E /* CQInverse.h */,
				8902573020736378009A640E /* CQSpectrogram.h */,
				8902573120736378009A640E /* CQKernel.h */,
				8902573220736378009A640E /* CQParameters.h */,
			);
			path = cq;
			sourceTree = "<group>";
		};
		8902573320736378009A640E /* src */ = {
			isa = PBXGroup;
			children = (
				8902573420736378009A640E /* CQKernel.cpp */,
				8902573520736378009A640E /* Pitch.cpp */,
				8902573620736378009A640E /* Pitch.h */,
				8902573720736378009A640E /* ConstantQ.cpp */,
				8902573820736378009A640E /* CQSpectrogram.cpp */,
				8902573920736378009A640E /* ext */,
				8902576520736378009A640E /* CQInverse.cpp */,
				8902576620736378009A640E /* dsp */,
				8902577420736378009A640E /* Chromagram.cpp */,
			);
			path = src;
			sourceTree = "<group>";
		};
		8902573920736378009A640E /* ext */ = {
			isa = PBXGroup;
			children = (
				8902573A20736378009A640E /* kissfft */,
			);
			path = ext;
			sourceTree = "<group>";
		};
		8902573A20736378009A640E /* kissfft */ = {
			isa = PBXGroup;
			children = (
				89025797207365E2009A640E /* tools */,
				8902573B20736378009A640E /* kiss_fft.c */,
				8902575E20736378009A640E /* _kiss_fft_guts.h */,
				8902575F20736378009A640E /* README */,
				8902576020736378009A640E /* README.simd */,
				8902576120736378009A640E /* kiss_fft.h */,
				8902576220736378009A640E /* COPYING */,
				8902576320736378009A640E /* kissfft.hh */,
				8902576420736378009A640E /* TIPS */,
			);
			path = kissfft;
			sourceTree = "<group>";
		};
		8902576620736378009A640E /* dsp */ = {
			isa = PBXGroup;
			children = (
				8902576720736378009A640E /* FFT.h */,
				8902576820736378009A640E /* pi.h */,
				8902576920736378009A640E /* FFT.cpp */,
				8902576A20736378009A640E /* Window.h */,
				8902576B20736378009A640E /* KaiserWindow.h */,
				8902576C20736378009A640E /* SincWindow.h */,
				8902576D20736378009A640E /* SincWindow.cpp */,
				8902576E20736378009A640E /* MathUtilities.cpp */,
				8902576F20736378009A640E /* MathUtilities.h */,
				8902577020736378009A640E /* KaiserWindow.cpp */,
				8902577120736378009A640E /* Resampler.h */,
				8902577220736378009A640E /* Resampler.cpp */,
				8902577320736378009A640E /* nan-inf.h */,
			);
			path = dsp;
			sourceTree = "<group>";
		};
		89025797207365E2009A640E /* tools */ = {
			isa = PBXGroup;
			children = (
				89025799207365E2009A640E /* kfc.h */,
				8902579A207365E2009A640E /* kiss_fftnd.h */,
				8902579B207365E2009A640E /* Makefile */,
				8902579C207365E2009A640E /* kiss_fftr.c */,
				8902579D207365E2009A640E /* kiss_fftndr.c */,
				8902579E207365E2009A640E /* kfc.c */,
				8902579F207365E2009A640E /* kiss_fftnd.c */,
				890257A1207365E2009A640E /* kiss_fftr.h */,
				890257A2207365E2009A640E /* kiss_fastfir.c */,
				890257A3207365E2009A640E /* kiss_fftndr.h */,
			);
			path = tools;
			sourceTree = "<group>";
		};
		8914DB1B2061C59900EE2448 /* ofxAssignment */ = {
			isa = PBXGroup;
			children = (
				8914DB1C2061C59900EE2448 /* license.md */,
				8914DB322061C59900EE2448 /* src */,
			);
			name = ofxAssignment;
			path = ../../../addons/ofxAssignment;
			sourceTree = "<group>";
		};
		8914DB322061C59900EE2448 /* src */ = {
			isa = PBXGroup;
			children = (
				8914DB332061C59900EE2448 /* jv */,
				8914DB362061C59900EE2448 /* ofxAssignment.cpp */,
				8914DB372061C59900EE2448 /* ofxAssignment.h */,
			);
			path = src;
			sourceTree = "<group>";
		};
		8914DB332061C59900EE2448 /* jv */ = {
			isa = PBXGroup;
			children = (
				8914DB342061C59900EE2448 /* lap.h */,
				8914DB352061C59900EE2448 /* lap.cpp */,
			);
			path = jv;
			sourceTree = "<group>";
		};
		8914DB382061C59900EE2448 /* ofxTSNE */ = {
			isa = PBXGroup;
			children = (
				8914DB392061C59900EE2448 /* setup_ccv.sh */,
				8914DB6E2061C59900EE2448 /* src */,
			);
			name = ofxTSNE;
			path = ../../../addons/ofxTSNE;
			sourceTree = "<group>";
		};
		8914DB6E2061C59900EE2448 /* src */ = {
			isa = PBXGroup;
			children = (
				8914DB6F2061C59900EE2448 /* bhtsne */,
				8914DB752061C59900EE2448 /* ofxTSNE.cpp */,
				8914DB762061C59900EE2448 /* ofxTSNE.h */,
			);
			path = src;
			sourceTree = "<group>";
		};
		8914DB6F2061C59900EE2448 /* bhtsne */ = {
			isa = PBXGroup;
			children = (
				8914DB702061C59900EE2448 /* tsne.h */,
				8914DB712061C59900EE2448 /* tsne.cpp */,
				8914DB722061C59900EE2448 /* vptree.h */,
				8914DB732061C59900EE2448 /* sptree.cpp */,
				8914DB742061C59900EE2448 /* sptree.h */,
			);
			path = bhtsne;
			sourceTree = "<group>";
		};
		8F6BFB59AB6D0A458C2F3C53 /* src */ = {
			isa = PBXGroup;
			children = (
				9312F3864ED05FC3E847FF69 /* ofxMaxim.h */,
			);
			name = src;
			sourceTree = "<group>";
		};
		A763ED608B35AE3310251DEE /* src */ = {
			isa = PBXGroup;
			children = (
				1C0DA2561397A7DE0246858B /* ofxGuiGroup.h */,
				9604B925D32EE39065747725 /* ofxBaseGui.cpp */,
				802251BAF1B35B1D67B32FD0 /* ofxSliderGroup.cpp */,
				907C5B5E104864A2D3A25745 /* ofxToggle.cpp */,
				C88333E71C9457E441C33474 /* ofxButton.cpp */,
				ECF8674C7975F1063C5E30CA /* ofxGuiGroup.cpp */,
				0A1DAC09F322AE313A40706D /* ofxToggle.h */,
				78D67A00EB899FAC09430597 /* ofxLabel.cpp */,
				52AFA1F08C420992CAAAE648 /* ofxSlider.h */,
				17E65988300FBD9AAA2CD0CA /* ofxGui.h */,
				87F26B4B24CBD428AD9EEBAA /* ofxBaseGui.h */,
				2834D88A62CD23F3DE2C47D1 /* ofxButton.h */,
				B87C60311EC1FE841C1ECD89 /* ofxLabel.h */,
				C70D8946940288799E82131E /* ofxSliderGroup.h */,
				E112B3AEBEA2C091BF2B40AE /* ofxPanel.cpp */,
				15F2C6477A769C03A56D1401 /* ofxSlider.cpp */,
				89449E3044D456F7DE7BEA14 /* ofxPanel.h */,
			);
			name = src;
			sourceTree = "<group>";
		};
		B48E854452A4D54138A6E575 /* src */ = {
			isa = PBXGroup;
			children = (
				44C084EAD8CAB2888C304DC4 /* ofxLearn.cpp */,
				83D00E9B4CBB3ED9DA15D13F /* ofxLearn.h */,
			);
			name = src;
			sourceTree = "<group>";
		};
		BB4B014C10F69532006C3DED /* addons */ = {
			isa = PBXGroup;
			children = (
				8914DB1B2061C59900EE2448 /* ofxAssignment */,
				8914DB382061C59900EE2448 /* ofxTSNE */,
				480A780D8D0308AE4A368801 /* ofxGui */,
				56D233F3C7EBCCB4AA95731A /* ofxLearn */,
				6234D3BCE87D1C3BA2230F19 /* ofxMaxim */,
				E6053AB7FEC63D5F83825B88 /* ofxOsc */,
			);
			name = addons;
			sourceTree = "<group>";
		};
		BD2F1A9F8D0C05EDB29122D0 /* src */ = {
			isa = PBXGroup;
			children = (
				B31C608870ECEB2490A93736 /* ofxOscParameterSync.h */,
				0AED834CE4DEC5260AF302A2 /* ofxOscParameterSync.cpp */,
				DF49D76C45D5DB505A234880 /* ofxOscMessage.cpp */,
				00D6D32B84B099226431108C /* ofxOsc.h */,
				65EEFA3DA3526E9CDD9C21F9 /* ofxOscBundle.cpp */,
				8C75AFC8774A62495DD53464 /* ofxOscReceiver.h */,
				7689F8A0F3D0B7635A8C3104 /* ofxOscArg.h */,
				C2FAC65C491D4231379F3298 /* ofxOscReceiver.cpp */,
				C58862C6D212C8E8A83810F4 /* ofxOscMessage.h */,
				8B30E93FD3D3475EED522A0E /* ofxOscBundle.h */,
				81967292BFC87A0144BD32C6 /* ofxOscSender.cpp */,
				9F7986DC4EB05E75FCE2C777 /* ofxOscSender.h */,
			);
			name = src;
			sourceTree = "<group>";
		};
		D27B2221A225CA523C019676 /* src */ = {
			isa = PBXGroup;
			children = (
				30CB364908817057B430D528 /* osc */,
				FF8CDF57858E9B94E3237115 /* ip */,
			);
			name = src;
			sourceTree = "<group>";
		};
		E4328144138ABC890047C5CB /* Products */ = {
			isa = PBXGroup;
			children = (
				E4328148138ABC890047C5CB /* openFrameworksDebug.a */,
			);
			name = Products;
			sourceTree = "<group>";
		};
		E4B69B4A0A3A1720003C02F2 = {
			isa = PBXGroup;
			children = (
				E4B6FCAD0C3E899E008CF71C /* openFrameworks-Info.plist */,
				E4EB6923138AFD0F00A09F29 /* Project.xcconfig */,
				E4B69E1C0A3A1BDC003C02F2 /* src */,
				E4EEC9E9138DF44700A80321 /* openFrameworks */,
				BB4B014C10F69532006C3DED /* addons */,
				6948EE371B920CB800B5AC1A /* local_addons */,
				E4B69B5B0A3A1756003C02F2 /* final-projectDebug.app */,
			);
			sourceTree = "<group>";
		};
		E4B69E1C0A3A1BDC003C02F2 /* src */ = {
			isa = PBXGroup;
			children = (
				8902572A20736378009A640E /* CQT */,
				E4B69E1D0A3A1BDC003C02F2 /* main.cpp */,
				E4B69E1E0A3A1BDC003C02F2 /* ofApp.cpp */,
				E4B69E1F0A3A1BDC003C02F2 /* ofApp.h */,
				89025721207316E2009A640E /* CircularBuffer.h */,
				890257222073170C009A640E /* OnsetDetector.h */,
				8902572320731737009A640E /* Recording.h */,
				8902572420731755009A640E /* Corpus.h */,
				890257252073181F009A640E /* VisualCorpus.h */,
				890257262073184C009A640E /* AudioVisualCorpus.h */,
			);
			path = src;
			sourceTree = SOURCE_ROOT;
		};
		E4EEC9E9138DF44700A80321 /* openFrameworks */ = {
			isa = PBXGroup;
			children = (
				E4EB691F138AFCF100A09F29 /* CoreOF.xcconfig */,
				E4328143138ABC890047C5CB /* openFrameworksLib.xcodeproj */,
			);
			name = openFrameworks;
			sourceTree = "<group>";
		};
		E6053AB7FEC63D5F83825B88 /* ofxOsc */ = {
			isa = PBXGroup;
			children = (
				BD2F1A9F8D0C05EDB29122D0 /* src */,
				38871A5825686AE018EC2BF0 /* libs */,
			);
			name = ofxOsc;
			sourceTree = "<group>";
		};
		FF8CDF57858E9B94E3237115 /* ip */ = {
			isa = PBXGroup;
			children = (
				641362CA659FAFEE4E81001B /* posix */,
				2FD4B0329909D3527F003494 /* UdpSocket.h */,
				444657A12E59D0ED86981498 /* TimerListener.h */,
				23640F57DF6C4BB6BFC5DA4C /* PacketListener.h */,
				48974F980F51769171D0B2F5 /* IpEndpointName.h */,
				ADD194746185E2DA11468377 /* IpEndpointName.cpp */,
				F7FBC56859535E597B24BB91 /* NetworkingUtils.h */,
			);
			name = ip;
			sourceTree = "<group>";
		};
/* End PBXGroup section */

/* Begin PBXNativeTarget section */
		E4B69B5A0A3A1756003C02F2 /* final-project */ = {
			isa = PBXNativeTarget;
			buildConfigurationList = E4B69B5F0A3A1757003C02F2 /* Build configuration list for PBXNativeTarget "final-project" */;
			buildPhases = (
				E4B69B580A3A1756003C02F2 /* Sources */,
				E4B69B590A3A1756003C02F2 /* Frameworks */,
				E4B6FFFD0C3F9AB9008CF71C /* ShellScript */,
				E4C2427710CC5ABF004149E2 /* CopyFiles */,
			);
			buildRules = (
			);
			dependencies = (
				E4EEB9AC138B136A00A80321 /* PBXTargetDependency */,
			);
			name = "final-project";
			productName = myOFApp;
			productReference = E4B69B5B0A3A1756003C02F2 /* final-projectDebug.app */;
			productType = "com.apple.product-type.application";
		};
/* End PBXNativeTarget section */

/* Begin PBXProject section */
		E4B69B4C0A3A1720003C02F2 /* Project object */ = {
			isa = PBXProject;
			attributes = {
				LastUpgradeCheck = 0600;
			};
			buildConfigurationList = E4B69B4D0A3A1720003C02F2 /* Build configuration list for PBXProject "final-project" */;
			compatibilityVersion = "Xcode 3.2";
			developmentRegion = English;
			hasScannedForEncodings = 0;
			knownRegions = (
				English,
				Japanese,
				French,
				German,
			);
			mainGroup = E4B69B4A0A3A1720003C02F2;
			productRefGroup = E4B69B4A0A3A1720003C02F2;
			projectDirPath = "";
			projectReferences = (
				{
					ProductGroup = E4328144138ABC890047C5CB /* Products */;
					ProjectRef = E4328143138ABC890047C5CB /* openFrameworksLib.xcodeproj */;
				},
			);
			projectRoot = "";
			targets = (
				E4B69B5A0A3A1756003C02F2 /* final-project */,
			);
		};
/* End PBXProject section */

/* Begin PBXReferenceProxy section */
		E4328148138ABC890047C5CB /* openFrameworksDebug.a */ = {
			isa = PBXReferenceProxy;
			fileType = archive.ar;
			path = openFrameworksDebug.a;
			remoteRef = E4328147138ABC890047C5CB /* PBXContainerItemProxy */;
			sourceTree = BUILT_PRODUCTS_DIR;
		};
/* End PBXReferenceProxy section */

/* Begin PBXShellScriptBuildPhase section */
		E4B6FFFD0C3F9AB9008CF71C /* ShellScript */ = {
			isa = PBXShellScriptBuildPhase;
			buildActionMask = 2147483647;
			files = (
			);
			inputPaths = (
			);
			outputPaths = (
			);
			runOnlyForDeploymentPostprocessing = 0;
			shellPath = /bin/sh;
			shellScript = "mkdir -p \"$TARGET_BUILD_DIR/$PRODUCT_NAME.app/Contents/Resources/\"\n# Copy default icon file into App/Resources\nrsync -aved \"$ICON_FILE\" \"$TARGET_BUILD_DIR/$PRODUCT_NAME.app/Contents/Resources/\"\n# Copy libfmod and change install directory for fmod to run\nrsync -aved ../../../libs/fmodex/lib/osx/libfmodex.dylib \"$TARGET_BUILD_DIR/$PRODUCT_NAME.app/Contents/Frameworks/\";\ninstall_name_tool -change @executable_path/libfmodex.dylib @executable_path/../Frameworks/libfmodex.dylib \"$TARGET_BUILD_DIR/$PRODUCT_NAME.app/Contents/MacOS/$PRODUCT_NAME\";\n# Copy GLUT framework (must remove for AppStore submissions)\nrsync -aved ../../../libs/glut/lib/osx/GLUT.framework \"$TARGET_BUILD_DIR/$PRODUCT_NAME.app/Contents/Frameworks/\"\n";
		};
/* End PBXShellScriptBuildPhase section */

/* Begin PBXSourcesBuildPhase section */
		E4B69B580A3A1756003C02F2 /* Sources */ = {
			isa = PBXSourcesBuildPhase;
			buildActionMask = 2147483647;
			files = (
				E4B69E200A3A1BDC003C02F2 /* main.cpp in Sources */,
				E4B69E210A3A1BDC003C02F2 /* ofApp.cpp in Sources */,
				856AA354D08AB4B323081444 /* ofxBaseGui.cpp in Sources */,
				8902571B2072EC58009A640E /* ofxTSNE.cpp in Sources */,
				B56FE57CC35806596D38118C /* ofxSliderGroup.cpp in Sources */,
				1CD33E884D9E3358252E82A1 /* ofxToggle.cpp in Sources */,
				890257A5207365E2009A640E /* Makefile in Sources */,
				5CBB2AB3A60F65431D7B555D /* ofxButton.cpp in Sources */,
				8902577820736378009A640E /* CQSpectrogram.cpp in Sources */,
				B266578FC55D23BFEBC042E7 /* ofxGuiGroup.cpp in Sources */,
				8902571C2072EC6F009A640E /* tsne.cpp in Sources */,
				483908258D00B98B4BE69F07 /* ofxLabel.cpp in Sources */,
				F285EB3169F1566CA3D93C20 /* ofxPanel.cpp in Sources */,
				837220E80EB56CD44AD27F2A /* ofxSlider.cpp in Sources */,
				D06D0B40E2596F7C2A58F39F /* ofxLearn.cpp in Sources */,
				083FB2094A4DE99F5A60397A /* maxiMFCC.cpp in Sources */,
				890257A9207365E2009A640E /* kiss_fftnd.c in Sources */,
				8902577720736378009A640E /* ConstantQ.cpp in Sources */,
				0FCED26D40D46CF89A58E54C /* fft.cpp in Sources */,
				9514C2D90467055B1447D074 /* stb_vorbis.c in Sources */,
				ABA8875AF0C06690CC0B92B1 /* maxiBark.cpp in Sources */,
				5C4A4AA5D4784DF23EA43038 /* maxiAtoms.cpp in Sources */,
				96084990AF216648B8B98E00 /* maxiFFT.cpp in Sources */,
				AF0580829426DC6BCA135A5C /* maxiGrains.cpp in Sources */,
				8902578E20736378009A640E /* FFT.cpp in Sources */,
				8902579120736378009A640E /* KaiserWindow.cpp in Sources */,
				22F21CE3B902225374BA1CA2 /* maximilian.cpp in Sources */,
				890257A6207365E2009A640E /* kiss_fftr.c in Sources */,
				4ADB88E2FB52E76A471065DE /* ofxOscParameterSync.cpp in Sources */,
				5864AD82E20F15536D054EA3 /* ofxOscMessage.cpp in Sources */,
				8902579220736378009A640E /* Resampler.cpp in Sources */,
				72A929D3561B8232A182ABFC /* ofxOscBundle.cpp in Sources */,
				640279EE111671BD026CB013 /* ofxOscReceiver.cpp in Sources */,
				890257A8207365E2009A640E /* kfc.c in Sources */,
				8F5205AEF8861EF234F0651A /* ofxOscSender.cpp in Sources */,
				8902578F20736378009A640E /* SincWindow.cpp in Sources */,
				8902579020736378009A640E /* MathUtilities.cpp in Sources */,
				62545D179C94265CA1389D4A /* OscOutboundPacketStream.cpp in Sources */,
				879A251454401BC0B6E4F238 /* OscTypes.cpp in Sources */,
				890257AB207365E2009A640E /* kiss_fastfir.c in Sources */,
				8902577520736378009A640E /* CQKernel.cpp in Sources */,
				890257A7207365E2009A640E /* kiss_fftndr.c in Sources */,
				0546D1A38E13BD319CC9755B /* OscReceivedElements.cpp in Sources */,
				8902577920736378009A640E /* kiss_fft.c in Sources */,
				8902577620736378009A640E /* Pitch.cpp in Sources */,
				C4782ECC372420ACE0615B74 /* OscPrintReceivedElements.cpp in Sources */,
				8902571D2072EC72009A640E /* sptree.cpp in Sources */,
				8902579320736378009A640E /* Chromagram.cpp in Sources */,
				8902578D20736378009A640E /* CQInverse.cpp in Sources */,
				67FE4C7B15C2F0478C8126C2 /* NetworkingUtils.cpp in Sources */,
				510CAFE035E576A4E1502D52 /* UdpSocket.cpp in Sources */,
				ADE367465D2A8EBAD4C7A8D9 /* IpEndpointName.cpp in Sources */,
			);
			runOnlyForDeploymentPostprocessing = 0;
		};
/* End PBXSourcesBuildPhase section */

/* Begin PBXTargetDependency section */
		E4EEB9AC138B136A00A80321 /* PBXTargetDependency */ = {
			isa = PBXTargetDependency;
			name = openFrameworks;
			targetProxy = E4EEB9AB138B136A00A80321 /* PBXContainerItemProxy */;
		};
/* End PBXTargetDependency section */

/* Begin XCBuildConfiguration section */
		E4B69B4E0A3A1720003C02F2 /* Debug */ = {
			isa = XCBuildConfiguration;
			baseConfigurationReference = E4EB6923138AFD0F00A09F29 /* Project.xcconfig */;
			buildSettings = {
				CONFIGURATION_BUILD_DIR = "$(SRCROOT)/bin/";
				COPY_PHASE_STRIP = NO;
				DEAD_CODE_STRIPPING = YES;
				GCC_AUTO_VECTORIZATION = YES;
				GCC_ENABLE_SSE3_EXTENSIONS = YES;
				GCC_ENABLE_SUPPLEMENTAL_SSE3_INSTRUCTIONS = YES;
				GCC_INLINES_ARE_PRIVATE_EXTERN = NO;
				GCC_OPTIMIZATION_LEVEL = 0;
				GCC_SYMBOLS_PRIVATE_EXTERN = NO;
				GCC_WARN_ABOUT_DEPRECATED_FUNCTIONS = YES;
				GCC_WARN_ABOUT_INVALID_OFFSETOF_MACRO = NO;
				GCC_WARN_ALLOW_INCOMPLETE_PROTOCOL = NO;
				GCC_WARN_UNINITIALIZED_AUTOS = NO;
				GCC_WARN_UNUSED_VALUE = NO;
				GCC_WARN_UNUSED_VARIABLE = NO;
				HEADER_SEARCH_PATHS = (
					"$(OF_CORE_HEADERS)",
					../../../addons/ofxGui/src,
					../../../addons/ofxLearn/libs,
					../../../addons/ofxLearn/src,
					../../../addons/ofxMaxim/libs,
					../../../addons/ofxMaxim/src,
					../../../addons/ofxOsc/libs,
					../../../addons/ofxOsc/libs/oscpack,
					../../../addons/ofxOsc/libs/oscpack/src,
					../../../addons/ofxOsc/libs/oscpack/src/ip,
					../../../addons/ofxOsc/libs/oscpack/src/ip/posix,
					../../../addons/ofxOsc/libs/oscpack/src/ip/win32,
					../../../addons/ofxOsc/libs/oscpack/src/osc,
					../../../addons/ofxOsc/src,
				);
				MACOSX_DEPLOYMENT_TARGET = 10.8;
				ONLY_ACTIVE_ARCH = YES;
				OTHER_CPLUSPLUSFLAGS = (
					"-D__MACOSX_CORE__",
					"-mtune=native",
				);
				SDKROOT = macosx;
			};
			name = Debug;
		};
		E4B69B4F0A3A1720003C02F2 /* Release */ = {
			isa = XCBuildConfiguration;
			baseConfigurationReference = E4EB6923138AFD0F00A09F29 /* Project.xcconfig */;
			buildSettings = {
				CONFIGURATION_BUILD_DIR = "$(SRCROOT)/bin/";
				COPY_PHASE_STRIP = YES;
				DEAD_CODE_STRIPPING = YES;
				GCC_AUTO_VECTORIZATION = YES;
				GCC_ENABLE_SSE3_EXTENSIONS = YES;
				GCC_ENABLE_SUPPLEMENTAL_SSE3_INSTRUCTIONS = YES;
				GCC_INLINES_ARE_PRIVATE_EXTERN = NO;
				GCC_OPTIMIZATION_LEVEL = 3;
				GCC_SYMBOLS_PRIVATE_EXTERN = NO;
				GCC_UNROLL_LOOPS = YES;
				GCC_WARN_ABOUT_DEPRECATED_FUNCTIONS = YES;
				GCC_WARN_ABOUT_INVALID_OFFSETOF_MACRO = NO;
				GCC_WARN_ALLOW_INCOMPLETE_PROTOCOL = NO;
				GCC_WARN_UNINITIALIZED_AUTOS = NO;
				GCC_WARN_UNUSED_VALUE = NO;
				GCC_WARN_UNUSED_VARIABLE = NO;
				HEADER_SEARCH_PATHS = (
					"$(OF_CORE_HEADERS)",
					../../../addons/ofxGui/src,
					../../../addons/ofxLearn/libs,
					../../../addons/ofxLearn/src,
					../../../addons/ofxMaxim/libs,
					../../../addons/ofxMaxim/src,
					../../../addons/ofxOsc/libs,
					../../../addons/ofxOsc/libs/oscpack,
					../../../addons/ofxOsc/libs/oscpack/src,
					../../../addons/ofxOsc/libs/oscpack/src/ip,
					../../../addons/ofxOsc/libs/oscpack/src/ip/posix,
					../../../addons/ofxOsc/libs/oscpack/src/ip/win32,
					../../../addons/ofxOsc/libs/oscpack/src/osc,
					../../../addons/ofxOsc/src,
				);
				MACOSX_DEPLOYMENT_TARGET = 10.8;
				OTHER_CPLUSPLUSFLAGS = (
					"-D__MACOSX_CORE__",
					"-mtune=native",
				);
				SDKROOT = macosx;
			};
			name = Release;
		};
		E4B69B600A3A1757003C02F2 /* Debug */ = {
			isa = XCBuildConfiguration;
			baseConfigurationReference = E4EB6923138AFD0F00A09F29 /* Project.xcconfig */;
			buildSettings = {
				COMBINE_HIDPI_IMAGES = YES;
				COPY_PHASE_STRIP = NO;
				FRAMEWORK_SEARCH_PATHS = (
					"$(inherited)",
					"$(FRAMEWORK_SEARCH_PATHS_QUOTED_FOR_TARGET_1)",
				);
				FRAMEWORK_SEARCH_PATHS_QUOTED_FOR_TARGET_1 = "\"$(SRCROOT)/../../../libs/glut/lib/osx\"";
				GCC_DYNAMIC_NO_PIC = NO;
				GCC_GENERATE_DEBUGGING_SYMBOLS = YES;
				GCC_MODEL_TUNING = NONE;
				HEADER_SEARCH_PATHS = (
					"$(OF_CORE_HEADERS)",
					../../../addons/ofxGui/src,
					../../../addons/ofxLearn/libs,
					../../../addons/ofxLearn/src,
					../../../addons/ofxMaxim/libs,
					../../../addons/ofxMaxim/src,
					../../../addons/ofxOsc/libs,
					../../../addons/ofxOsc/libs/oscpack,
					../../../addons/ofxOsc/libs/oscpack/src,
					../../../addons/ofxOsc/libs/oscpack/src/ip,
					../../../addons/ofxOsc/libs/oscpack/src/ip/posix,
					../../../addons/ofxOsc/libs/oscpack/src/ip/win32,
					../../../addons/ofxOsc/libs/oscpack/src/osc,
					../../../addons/ofxOsc/src,
				);
				ICON = "$(ICON_NAME_DEBUG)";
				ICON_FILE = "$(ICON_FILE_PATH)$(ICON)";
				INFOPLIST_FILE = "openFrameworks-Info.plist";
				INSTALL_PATH = /Applications;
				LIBRARY_SEARCH_PATHS = "$(inherited)";
				PRODUCT_NAME = "$(TARGET_NAME)Debug";
				WRAPPER_EXTENSION = app;
			};
			name = Debug;
		};
		E4B69B610A3A1757003C02F2 /* Release */ = {
			isa = XCBuildConfiguration;
			baseConfigurationReference = E4EB6923138AFD0F00A09F29 /* Project.xcconfig */;
			buildSettings = {
				COMBINE_HIDPI_IMAGES = YES;
				COPY_PHASE_STRIP = YES;
				FRAMEWORK_SEARCH_PATHS = (
					"$(inherited)",
					"$(FRAMEWORK_SEARCH_PATHS_QUOTED_FOR_TARGET_1)",
				);
				FRAMEWORK_SEARCH_PATHS_QUOTED_FOR_TARGET_1 = "\"$(SRCROOT)/../../../libs/glut/lib/osx\"";
				GCC_GENERATE_DEBUGGING_SYMBOLS = YES;
				GCC_MODEL_TUNING = NONE;
				HEADER_SEARCH_PATHS = (
					"$(OF_CORE_HEADERS)",
					../../../addons/ofxGui/src,
					../../../addons/ofxLearn/libs,
					../../../addons/ofxLearn/src,
					../../../addons/ofxMaxim/libs,
					../../../addons/ofxMaxim/src,
					../../../addons/ofxOsc/libs,
					../../../addons/ofxOsc/libs/oscpack,
					../../../addons/ofxOsc/libs/oscpack/src,
					../../../addons/ofxOsc/libs/oscpack/src/ip,
					../../../addons/ofxOsc/libs/oscpack/src/ip/posix,
					../../../addons/ofxOsc/libs/oscpack/src/ip/win32,
					../../../addons/ofxOsc/libs/oscpack/src/osc,
					../../../addons/ofxOsc/src,
				);
				ICON = "$(ICON_NAME_RELEASE)";
				ICON_FILE = "$(ICON_FILE_PATH)$(ICON)";
				INFOPLIST_FILE = "openFrameworks-Info.plist";
				INSTALL_PATH = /Applications;
				LIBRARY_SEARCH_PATHS = "$(inherited)";
				PRODUCT_NAME = "$(TARGET_NAME)";
				WRAPPER_EXTENSION = app;
				baseConfigurationReference = E4EB6923138AFD0F00A09F29;
			};
			name = Release;
		};
/* End XCBuildConfiguration section */

/* Begin XCConfigurationList section */
		E4B69B4D0A3A1720003C02F2 /* Build configuration list for PBXProject "final-project" */ = {
			isa = XCConfigurationList;
			buildConfigurations = (
				E4B69B4E0A3A1720003C02F2 /* Debug */,
				E4B69B4F0A3A1720003C02F2 /* Release */,
			);
			defaultConfigurationIsVisible = 0;
			defaultConfigurationName = Release;
		};
		E4B69B5F0A3A1757003C02F2 /* Build configuration list for PBXNativeTarget "final-project" */ = {
			isa = XCConfigurationList;
			buildConfigurations = (
				E4B69B600A3A1757003C02F2 /* Debug */,
				E4B69B610A3A1757003C02F2 /* Release */,
			);
			defaultConfigurationIsVisible = 0;
			defaultConfigurationName = Release;
		};
/* End XCConfigurationList section */
	};
	rootObject = E4B69B4C0A3A1720003C02F2 /* Project object */;
}
